// !$*UTF8*$!
{
	archiveVersion = 1;
	classes = {
	};
	objectVersion = 50;
	objects = {

/* Begin PBXBuildFile section */
		DA04B287219225E80054A69F /* NavigationBarView.swift in Sources */ = {isa = PBXBuildFile; fileRef = DA04B286219225E80054A69F /* NavigationBarView.swift */; };
		DA04B289219236690054A69F /* CurrentMoneyView.swift in Sources */ = {isa = PBXBuildFile; fileRef = DA04B288219236690054A69F /* CurrentMoneyView.swift */; };
		DA04B28B219244DB0054A69F /* MoneyView.swift in Sources */ = {isa = PBXBuildFile; fileRef = DA04B28A219244DB0054A69F /* MoneyView.swift */; };
		DA9831BB218F1C65005A1A18 /* AppDelegate.swift in Sources */ = {isa = PBXBuildFile; fileRef = DA9831BA218F1C65005A1A18 /* AppDelegate.swift */; };
		DA9831BD218F1C65005A1A18 /* ComputerProgresController.swift in Sources */ = {isa = PBXBuildFile; fileRef = DA9831BC218F1C65005A1A18 /* ComputerProgresController.swift */; };
		DA9831C0218F1C65005A1A18 /* Main.storyboard in Resources */ = {isa = PBXBuildFile; fileRef = DA9831BE218F1C65005A1A18 /* Main.storyboard */; };
		DA9831C2218F1C69005A1A18 /* Assets.xcassets in Resources */ = {isa = PBXBuildFile; fileRef = DA9831C1218F1C69005A1A18 /* Assets.xcassets */; };
		DA9831C5218F1C69005A1A18 /* LaunchScreen.storyboard in Resources */ = {isa = PBXBuildFile; fileRef = DA9831C3218F1C69005A1A18 /* LaunchScreen.storyboard */; };
		DA9831CD218F1FD3005A1A18 /* UIColor+theme.swift in Sources */ = {isa = PBXBuildFile; fileRef = DA9831CC218F1FD3005A1A18 /* UIColor+theme.swift */; };
		DA9831CF218FA0ED005A1A18 /* ProgresBarView.swift in Sources */ = {isa = PBXBuildFile; fileRef = DA9831CE218FA0ED005A1A18 /* ProgresBarView.swift */; };
		DA9831D1218FA55C005A1A18 /* ComponentsView.swift in Sources */ = {isa = PBXBuildFile; fileRef = DA9831D0218FA55C005A1A18 /* ComponentsView.swift */; };
		DAC0688B219C9F0700B311CA /* TillComputerModel.xcdatamodeld in Sources */ = {isa = PBXBuildFile; fileRef = DAC06889219C9F0700B311CA /* TillComputerModel.xcdatamodeld */; };
		DAC06890219CA06A00B311CA /* CoreDataManager.swift in Sources */ = {isa = PBXBuildFile; fileRef = DAC0688F219CA06A00B311CA /* CoreDataManager.swift */; };
		DAF516C521A3412E0035991B /* SettingsViewController.swift in Sources */ = {isa = PBXBuildFile; fileRef = DAF516C421A3412E0035991B /* SettingsViewController.swift */; };
		DAF516C821A34FDF0035991B /* SettingsCell.swift in Sources */ = {isa = PBXBuildFile; fileRef = DAF516C721A34FDF0035991B /* SettingsCell.swift */; };
		DAFB3C9C21937FBB0021CD53 /* cha_ching.wav in Resources */ = {isa = PBXBuildFile; fileRef = DAFB3C9B21937FBB0021CD53 /* cha_ching.wav */; };
		DAFB3C9E219640300021CD53 /* ListViewController.swift in Sources */ = {isa = PBXBuildFile; fileRef = DAFB3C9D219640300021CD53 /* ListViewController.swift */; };
		DAFB3CA0219642090021CD53 /* DonationCell.swift in Sources */ = {isa = PBXBuildFile; fileRef = DAFB3C9F219642090021CD53 /* DonationCell.swift */; };
		DAFB3CA221964A590021CD53 /* Config.swift in Sources */ = {isa = PBXBuildFile; fileRef = DAFB3CA121964A590021CD53 /* Config.swift */; };
		DAFB3CA4219652890021CD53 /* Donation.swift in Sources */ = {isa = PBXBuildFile; fileRef = DAFB3CA3219652890021CD53 /* Donation.swift */; };
/* End PBXBuildFile section */

/* Begin PBXFileReference section */
		DA04B286219225E80054A69F /* NavigationBarView.swift */ = {isa = PBXFileReference; lastKnownFileType = sourcecode.swift; path = NavigationBarView.swift; sourceTree = "<group>"; };
		DA04B288219236690054A69F /* CurrentMoneyView.swift */ = {isa = PBXFileReference; lastKnownFileType = sourcecode.swift; path = CurrentMoneyView.swift; sourceTree = "<group>"; };
		DA04B28A219244DB0054A69F /* MoneyView.swift */ = {isa = PBXFileReference; lastKnownFileType = sourcecode.swift; path = MoneyView.swift; sourceTree = "<group>"; };
		DA9831B7218F1C65005A1A18 /* TillComputer.app */ = {isa = PBXFileReference; explicitFileType = wrapper.application; includeInIndex = 0; path = TillComputer.app; sourceTree = BUILT_PRODUCTS_DIR; };
		DA9831BA218F1C65005A1A18 /* AppDelegate.swift */ = {isa = PBXFileReference; lastKnownFileType = sourcecode.swift; path = AppDelegate.swift; sourceTree = "<group>"; };
		DA9831BC218F1C65005A1A18 /* ComputerProgresController.swift */ = {isa = PBXFileReference; lastKnownFileType = sourcecode.swift; path = ComputerProgresController.swift; sourceTree = "<group>"; };
		DA9831BF218F1C65005A1A18 /* Base */ = {isa = PBXFileReference; lastKnownFileType = file.storyboard; name = Base; path = Base.lproj/Main.storyboard; sourceTree = "<group>"; };
		DA9831C1218F1C69005A1A18 /* Assets.xcassets */ = {isa = PBXFileReference; lastKnownFileType = folder.assetcatalog; path = Assets.xcassets; sourceTree = "<group>"; };
		DA9831C4218F1C69005A1A18 /* Base */ = {isa = PBXFileReference; lastKnownFileType = file.storyboard; name = Base; path = Base.lproj/LaunchScreen.storyboard; sourceTree = "<group>"; };
		DA9831C6218F1C69005A1A18 /* Info.plist */ = {isa = PBXFileReference; lastKnownFileType = text.plist.xml; path = Info.plist; sourceTree = "<group>"; };
		DA9831CC218F1FD3005A1A18 /* UIColor+theme.swift */ = {isa = PBXFileReference; lastKnownFileType = sourcecode.swift; path = "UIColor+theme.swift"; sourceTree = "<group>"; };
		DA9831CE218FA0ED005A1A18 /* ProgresBarView.swift */ = {isa = PBXFileReference; lastKnownFileType = sourcecode.swift; path = ProgresBarView.swift; sourceTree = "<group>"; };
		DA9831D0218FA55C005A1A18 /* ComponentsView.swift */ = {isa = PBXFileReference; lastKnownFileType = sourcecode.swift; path = ComponentsView.swift; sourceTree = "<group>"; };
		DAC0688A219C9F0700B311CA /* TillComputerModel.xcdatamodel */ = {isa = PBXFileReference; lastKnownFileType = wrapper.xcdatamodel; path = TillComputerModel.xcdatamodel; sourceTree = "<group>"; };
		DAC0688F219CA06A00B311CA /* CoreDataManager.swift */ = {isa = PBXFileReference; lastKnownFileType = sourcecode.swift; path = CoreDataManager.swift; sourceTree = "<group>"; };
		DAF516C421A3412E0035991B /* SettingsViewController.swift */ = {isa = PBXFileReference; lastKnownFileType = sourcecode.swift; path = SettingsViewController.swift; sourceTree = "<group>"; };
		DAF516C721A34FDF0035991B /* SettingsCell.swift */ = {isa = PBXFileReference; lastKnownFileType = sourcecode.swift; path = SettingsCell.swift; sourceTree = "<group>"; };
		DAFB3C9B21937FBB0021CD53 /* cha_ching.wav */ = {isa = PBXFileReference; lastKnownFileType = audio.wav; path = cha_ching.wav; sourceTree = "<group>"; };
		DAFB3C9D219640300021CD53 /* ListViewController.swift */ = {isa = PBXFileReference; lastKnownFileType = sourcecode.swift; path = ListViewController.swift; sourceTree = "<group>"; };
		DAFB3C9F219642090021CD53 /* DonationCell.swift */ = {isa = PBXFileReference; lastKnownFileType = sourcecode.swift; path = DonationCell.swift; sourceTree = "<group>"; };
		DAFB3CA121964A590021CD53 /* Config.swift */ = {isa = PBXFileReference; lastKnownFileType = sourcecode.swift; path = Config.swift; sourceTree = "<group>"; };
		DAFB3CA3219652890021CD53 /* Donation.swift */ = {isa = PBXFileReference; lastKnownFileType = sourcecode.swift; path = Donation.swift; sourceTree = "<group>"; };
/* End PBXFileReference section */

/* Begin PBXFrameworksBuildPhase section */
		DA9831B4218F1C65005A1A18 /* Frameworks */ = {
			isa = PBXFrameworksBuildPhase;
			buildActionMask = 2147483647;
			files = (
			);
			runOnlyForDeploymentPostprocessing = 0;
		};
/* End PBXFrameworksBuildPhase section */

/* Begin PBXGroup section */
		DA9831AE218F1C65005A1A18 = {
			isa = PBXGroup;
			children = (
				DA9831B9218F1C65005A1A18 /* TillComputer */,
				DA9831B8218F1C65005A1A18 /* Products */,
			);
			sourceTree = "<group>";
		};
		DA9831B8218F1C65005A1A18 /* Products */ = {
			isa = PBXGroup;
			children = (
				DA9831B7218F1C65005A1A18 /* TillComputer.app */,
			);
			name = Products;
			sourceTree = "<group>";
		};
		DA9831B9218F1C65005A1A18 /* TillComputer */ = {
			isa = PBXGroup;
			children = (
				DA9831BA218F1C65005A1A18 /* AppDelegate.swift */,
				DA9831CC218F1FD3005A1A18 /* UIColor+theme.swift */,
				DAC0688C219C9F3100B311CA /* Views */,
				DAFB3CA3219652890021CD53 /* Donation.swift */,
				DA9831BE218F1C65005A1A18 /* Main.storyboard */,
				DA9831C1218F1C69005A1A18 /* Assets.xcassets */,
				DA9831C3218F1C69005A1A18 /* LaunchScreen.storyboard */,
				DA9831C6218F1C69005A1A18 /* Info.plist */,
				DAFB3C9B21937FBB0021CD53 /* cha_ching.wav */,
				DAFB3CA121964A590021CD53 /* Config.swift */,
				DAC06889219C9F0700B311CA /* TillComputerModel.xcdatamodeld */,
				DAC0688F219CA06A00B311CA /* CoreDataManager.swift */,
			);
			path = TillComputer;
			sourceTree = "<group>";
		};
		DAC0688C219C9F3100B311CA /* Views */ = {
			isa = PBXGroup;
			children = (
				DAC0688D219C9F3D00B311CA /* MainView */,
				DAC0688E219C9F4B00B311CA /* List */,
				DAF516C621A34B9A0035991B /* Settings */,
			);
			path = Views;
			sourceTree = "<group>";
		};
		DAC0688D219C9F3D00B311CA /* MainView */ = {
			isa = PBXGroup;
			children = (
				DA9831BC218F1C65005A1A18 /* ComputerProgresController.swift */,
				DA04B286219225E80054A69F /* NavigationBarView.swift */,
				DA9831D0218FA55C005A1A18 /* ComponentsView.swift */,
				DA9831CE218FA0ED005A1A18 /* ProgresBarView.swift */,
				DA04B288219236690054A69F /* CurrentMoneyView.swift */,
				DA04B28A219244DB0054A69F /* MoneyView.swift */,
			);
			path = MainView;
			sourceTree = "<group>";
		};
		DAC0688E219C9F4B00B311CA /* List */ = {
			isa = PBXGroup;
			children = (
				DAFB3C9D219640300021CD53 /* ListViewController.swift */,
				DAFB3C9F219642090021CD53 /* DonationCell.swift */,
			);
			path = List;
			sourceTree = "<group>";
		};
		DAF516C621A34B9A0035991B /* Settings */ = {
			isa = PBXGroup;
			children = (
				DAF516C421A3412E0035991B /* SettingsViewController.swift */,
				DAF516C721A34FDF0035991B /* SettingsCell.swift */,
			);
			path = Settings;
			sourceTree = "<group>";
		};
/* End PBXGroup section */

/* Begin PBXNativeTarget section */
		DA9831B6218F1C65005A1A18 /* TillComputer */ = {
			isa = PBXNativeTarget;
			buildConfigurationList = DA9831C9218F1C69005A1A18 /* Build configuration list for PBXNativeTarget "TillComputer" */;
			buildPhases = (
				DA9831B3218F1C65005A1A18 /* Sources */,
				DA9831B4218F1C65005A1A18 /* Frameworks */,
				DA9831B5218F1C65005A1A18 /* Resources */,
			);
			buildRules = (
			);
			dependencies = (
			);
			name = TillComputer;
			productName = TillComputer;
			productReference = DA9831B7218F1C65005A1A18 /* TillComputer.app */;
			productType = "com.apple.product-type.application";
		};
/* End PBXNativeTarget section */

/* Begin PBXProject section */
		DA9831AF218F1C65005A1A18 /* Project object */ = {
			isa = PBXProject;
			attributes = {
				LastSwiftUpdateCheck = 1010;
				LastUpgradeCheck = 1010;
				ORGANIZATIONNAME = "Paweł Liczmański";
				TargetAttributes = {
					DA9831B6218F1C65005A1A18 = {
						CreatedOnToolsVersion = 10.1;
					};
				};
			};
			buildConfigurationList = DA9831B2218F1C65005A1A18 /* Build configuration list for PBXProject "TillComputer" */;
			compatibilityVersion = "Xcode 9.3";
			developmentRegion = en;
			hasScannedForEncodings = 0;
			knownRegions = (
				en,
				Base,
			);
			mainGroup = DA9831AE218F1C65005A1A18;
			productRefGroup = DA9831B8218F1C65005A1A18 /* Products */;
			projectDirPath = "";
			projectRoot = "";
			targets = (
				DA9831B6218F1C65005A1A18 /* TillComputer */,
			);
		};
/* End PBXProject section */

/* Begin PBXResourcesBuildPhase section */
		DA9831B5218F1C65005A1A18 /* Resources */ = {
			isa = PBXResourcesBuildPhase;
			buildActionMask = 2147483647;
			files = (
				DA9831C5218F1C69005A1A18 /* LaunchScreen.storyboard in Resources */,
				DAFB3C9C21937FBB0021CD53 /* cha_ching.wav in Resources */,
				DA9831C2218F1C69005A1A18 /* Assets.xcassets in Resources */,
				DA9831C0218F1C65005A1A18 /* Main.storyboard in Resources */,
			);
			runOnlyForDeploymentPostprocessing = 0;
		};
/* End PBXResourcesBuildPhase section */

/* Begin PBXSourcesBuildPhase section */
		DA9831B3218F1C65005A1A18 /* Sources */ = {
			isa = PBXSourcesBuildPhase;
			buildActionMask = 2147483647;
			files = (
				DA9831D1218FA55C005A1A18 /* ComponentsView.swift in Sources */,
				DA9831CD218F1FD3005A1A18 /* UIColor+theme.swift in Sources */,
				DA04B287219225E80054A69F /* NavigationBarView.swift in Sources */,
				DA9831CF218FA0ED005A1A18 /* ProgresBarView.swift in Sources */,
				DAFB3CA221964A590021CD53 /* Config.swift in Sources */,
				DA9831BD218F1C65005A1A18 /* ComputerProgresController.swift in Sources */,
				DAFB3CA0219642090021CD53 /* DonationCell.swift in Sources */,
				DAC0688B219C9F0700B311CA /* TillComputerModel.xcdatamodeld in Sources */,
				DAF516C521A3412E0035991B /* SettingsViewController.swift in Sources */,
				DAFB3C9E219640300021CD53 /* ListViewController.swift in Sources */,
				DA04B28B219244DB0054A69F /* MoneyView.swift in Sources */,
				DAFB3CA4219652890021CD53 /* Donation.swift in Sources */,
				DA04B289219236690054A69F /* CurrentMoneyView.swift in Sources */,
				DAC06890219CA06A00B311CA /* CoreDataManager.swift in Sources */,
				DAF516C821A34FDF0035991B /* SettingsCell.swift in Sources */,
				DA9831BB218F1C65005A1A18 /* AppDelegate.swift in Sources */,
			);
			runOnlyForDeploymentPostprocessing = 0;
		};
/* End PBXSourcesBuildPhase section */

/* Begin PBXVariantGroup section */
		DA9831BE218F1C65005A1A18 /* Main.storyboard */ = {
			isa = PBXVariantGroup;
			children = (
				DA9831BF218F1C65005A1A18 /* Base */,
			);
			name = Main.storyboard;
			sourceTree = "<group>";
		};
		DA9831C3218F1C69005A1A18 /* LaunchScreen.storyboard */ = {
			isa = PBXVariantGroup;
			children = (
				DA9831C4218F1C69005A1A18 /* Base */,
			);
			name = LaunchScreen.storyboard;
			sourceTree = "<group>";
		};
/* End PBXVariantGroup section */

/* Begin XCBuildConfiguration section */
		DA9831C7218F1C69005A1A18 /* Debug */ = {
			isa = XCBuildConfiguration;
			buildSettings = {
				ALWAYS_SEARCH_USER_PATHS = NO;
				CLANG_ANALYZER_NONNULL = YES;
				CLANG_ANALYZER_NUMBER_OBJECT_CONVERSION = YES_AGGRESSIVE;
				CLANG_CXX_LANGUAGE_STANDARD = "gnu++14";
				CLANG_CXX_LIBRARY = "libc++";
				CLANG_ENABLE_MODULES = YES;
				CLANG_ENABLE_OBJC_ARC = YES;
				CLANG_ENABLE_OBJC_WEAK = YES;
				CLANG_WARN_BLOCK_CAPTURE_AUTORELEASING = YES;
				CLANG_WARN_BOOL_CONVERSION = YES;
				CLANG_WARN_COMMA = YES;
				CLANG_WARN_CONSTANT_CONVERSION = YES;
				CLANG_WARN_DEPRECATED_OBJC_IMPLEMENTATIONS = YES;
				CLANG_WARN_DIRECT_OBJC_ISA_USAGE = YES_ERROR;
				CLANG_WARN_DOCUMENTATION_COMMENTS = YES;
				CLANG_WARN_EMPTY_BODY = YES;
				CLANG_WARN_ENUM_CONVERSION = YES;
				CLANG_WARN_INFINITE_RECURSION = YES;
				CLANG_WARN_INT_CONVERSION = YES;
				CLANG_WARN_NON_LITERAL_NULL_CONVERSION = YES;
				CLANG_WARN_OBJC_IMPLICIT_RETAIN_SELF = YES;
				CLANG_WARN_OBJC_LITERAL_CONVERSION = YES;
				CLANG_WARN_OBJC_ROOT_CLASS = YES_ERROR;
				CLANG_WARN_RANGE_LOOP_ANALYSIS = YES;
				CLANG_WARN_STRICT_PROTOTYPES = YES;
				CLANG_WARN_SUSPICIOUS_MOVE = YES;
				CLANG_WARN_UNGUARDED_AVAILABILITY = YES_AGGRESSIVE;
				CLANG_WARN_UNREACHABLE_CODE = YES;
				CLANG_WARN__DUPLICATE_METHOD_MATCH = YES;
				CODE_SIGN_IDENTITY = "iPhone Developer";
				COPY_PHASE_STRIP = NO;
				DEBUG_INFORMATION_FORMAT = dwarf;
				ENABLE_STRICT_OBJC_MSGSEND = YES;
				ENABLE_TESTABILITY = YES;
				GCC_C_LANGUAGE_STANDARD = gnu11;
				GCC_DYNAMIC_NO_PIC = NO;
				GCC_NO_COMMON_BLOCKS = YES;
				GCC_OPTIMIZATION_LEVEL = 0;
				GCC_PREPROCESSOR_DEFINITIONS = (
					"DEBUG=1",
					"$(inherited)",
				);
				GCC_WARN_64_TO_32_BIT_CONVERSION = YES;
				GCC_WARN_ABOUT_RETURN_TYPE = YES_ERROR;
				GCC_WARN_UNDECLARED_SELECTOR = YES;
				GCC_WARN_UNINITIALIZED_AUTOS = YES_AGGRESSIVE;
				GCC_WARN_UNUSED_FUNCTION = YES;
				GCC_WARN_UNUSED_VARIABLE = YES;
				IPHONEOS_DEPLOYMENT_TARGET = 12.1;
				MTL_ENABLE_DEBUG_INFO = INCLUDE_SOURCE;
				MTL_FAST_MATH = YES;
				ONLY_ACTIVE_ARCH = YES;
				SDKROOT = iphoneos;
				SWIFT_ACTIVE_COMPILATION_CONDITIONS = DEBUG;
				SWIFT_OPTIMIZATION_LEVEL = "-Onone";
			};
			name = Debug;
		};
		DA9831C8218F1C69005A1A18 /* Release */ = {
			isa = XCBuildConfiguration;
			buildSettings = {
				ALWAYS_SEARCH_USER_PATHS = NO;
				CLANG_ANALYZER_NONNULL = YES;
				CLANG_ANALYZER_NUMBER_OBJECT_CONVERSION = YES_AGGRESSIVE;
				CLANG_CXX_LANGUAGE_STANDARD = "gnu++14";
				CLANG_CXX_LIBRARY = "libc++";
				CLANG_ENABLE_MODULES = YES;
				CLANG_ENABLE_OBJC_ARC = YES;
				CLANG_ENABLE_OBJC_WEAK = YES;
				CLANG_WARN_BLOCK_CAPTURE_AUTORELEASING = YES;
				CLANG_WARN_BOOL_CONVERSION = YES;
				CLANG_WARN_COMMA = YES;
				CLANG_WARN_CONSTANT_CONVERSION = YES;
				CLANG_WARN_DEPRECATED_OBJC_IMPLEMENTATIONS = YES;
				CLANG_WARN_DIRECT_OBJC_ISA_USAGE = YES_ERROR;
				CLANG_WARN_DOCUMENTATION_COMMENTS = YES;
				CLANG_WARN_EMPTY_BODY = YES;
				CLANG_WARN_ENUM_CONVERSION = YES;
				CLANG_WARN_INFINITE_RECURSION = YES;
				CLANG_WARN_INT_CONVERSION = YES;
				CLANG_WARN_NON_LITERAL_NULL_CONVERSION = YES;
				CLANG_WARN_OBJC_IMPLICIT_RETAIN_SELF = YES;
				CLANG_WARN_OBJC_LITERAL_CONVERSION = YES;
				CLANG_WARN_OBJC_ROOT_CLASS = YES_ERROR;
				CLANG_WARN_RANGE_LOOP_ANALYSIS = YES;
				CLANG_WARN_STRICT_PROTOTYPES = YES;
				CLANG_WARN_SUSPICIOUS_MOVE = YES;
				CLANG_WARN_UNGUARDED_AVAILABILITY = YES_AGGRESSIVE;
				CLANG_WARN_UNREACHABLE_CODE = YES;
				CLANG_WARN__DUPLICATE_METHOD_MATCH = YES;
				CODE_SIGN_IDENTITY = "iPhone Developer";
				COPY_PHASE_STRIP = NO;
				DEBUG_INFORMATION_FORMAT = "dwarf-with-dsym";
				ENABLE_NS_ASSERTIONS = NO;
				ENABLE_STRICT_OBJC_MSGSEND = YES;
				GCC_C_LANGUAGE_STANDARD = gnu11;
				GCC_NO_COMMON_BLOCKS = YES;
				GCC_WARN_64_TO_32_BIT_CONVERSION = YES;
				GCC_WARN_ABOUT_RETURN_TYPE = YES_ERROR;
				GCC_WARN_UNDECLARED_SELECTOR = YES;
				GCC_WARN_UNINITIALIZED_AUTOS = YES_AGGRESSIVE;
				GCC_WARN_UNUSED_FUNCTION = YES;
				GCC_WARN_UNUSED_VARIABLE = YES;
				IPHONEOS_DEPLOYMENT_TARGET = 12.1;
				MTL_ENABLE_DEBUG_INFO = NO;
				MTL_FAST_MATH = YES;
				SDKROOT = iphoneos;
				SWIFT_COMPILATION_MODE = wholemodule;
				SWIFT_OPTIMIZATION_LEVEL = "-O";
				VALIDATE_PRODUCT = YES;
			};
			name = Release;
		};
		DA9831CA218F1C69005A1A18 /* Debug */ = {
			isa = XCBuildConfiguration;
			buildSettings = {
				ASSETCATALOG_COMPILER_APPICON_NAME = AppIcon;
				CODE_SIGN_STYLE = Automatic;
				DEVELOPMENT_TEAM = DBAJNSTG63;
				INFOPLIST_FILE = TillComputer/Info.plist;
				LD_RUNPATH_SEARCH_PATHS = (
					"$(inherited)",
					"@executable_path/Frameworks",
				);
				PRODUCT_BUNDLE_IDENTIFIER = com.liczmanskipawel.TillComputer;
				PRODUCT_NAME = "$(TARGET_NAME)";
				SWIFT_VERSION = 4.2;
				TARGETED_DEVICE_FAMILY = "1,2";
			};
			name = Debug;
		};
		DA9831CB218F1C69005A1A18 /* Release */ = {
			isa = XCBuildConfiguration;
			buildSettings = {
				ASSETCATALOG_COMPILER_APPICON_NAME = AppIcon;
				CODE_SIGN_STYLE = Automatic;
				DEVELOPMENT_TEAM = DBAJNSTG63;
				INFOPLIST_FILE = TillComputer/Info.plist;
				LD_RUNPATH_SEARCH_PATHS = (
					"$(inherited)",
					"@executable_path/Frameworks",
				);
				PRODUCT_BUNDLE_IDENTIFIER = com.liczmanskipawel.TillComputer;
				PRODUCT_NAME = "$(TARGET_NAME)";
				SWIFT_VERSION = 4.2;
				TARGETED_DEVICE_FAMILY = "1,2";
			};
			name = Release;
		};
/* End XCBuildConfiguration section */

/* Begin XCConfigurationList section */
		DA9831B2218F1C65005A1A18 /* Build configuration list for PBXProject "TillComputer" */ = {
			isa = XCConfigurationList;
			buildConfigurations = (
				DA9831C7218F1C69005A1A18 /* Debug */,
				DA9831C8218F1C69005A1A18 /* Release */,
			);
			defaultConfigurationIsVisible = 0;
			defaultConfigurationName = Release;
		};
		DA9831C9218F1C69005A1A18 /* Build configuration list for PBXNativeTarget "TillComputer" */ = {
			isa = XCConfigurationList;
			buildConfigurations = (
				DA9831CA218F1C69005A1A18 /* Debug */,
				DA9831CB218F1C69005A1A18 /* Release */,
			);
			defaultConfigurationIsVisible = 0;
			defaultConfigurationName = Release;
		};
/* End XCConfigurationList section */

/* Begin XCVersionGroup section */
		DAC06889219C9F0700B311CA /* TillComputerModel.xcdatamodeld */ = {
			isa = XCVersionGroup;
			children = (
				DAC0688A219C9F0700B311CA /* TillComputerModel.xcdatamodel */,
			);
			currentVersion = DAC0688A219C9F0700B311CA /* TillComputerModel.xcdatamodel */;
			path = TillComputerModel.xcdatamodeld;
			sourceTree = "<group>";
			versionGroupType = wrapper.xcdatamodel;
		};
/* End XCVersionGroup section */
	};
	rootObject = DA9831AF218F1C65005A1A18 /* Project object */;
}
